
Microsoft Visual Studio Solution File, Format Version 12.00
# Visual Studio Version 16
VisualStudioVersion = 16.0.31313.79
MinimumVisualStudioVersion = 10.0.40219.1
Project("{9A19103F-16F7-4668-BE54-9A1E7A4F7556}") = "HomeAccounting.UI", "HomeAccounting.UI\HomeAccounting.UI.csproj", "{057D63F9-B5F5-4BC7-A392-48CD83F1379D}"
EndProject
Project("{9A19103F-16F7-4668-BE54-9A1E7A4F7556}") = "HomeAccounting.Console", "HomeAccounting.Console\HomeAccounting.Console.csproj", "{D8CF7262-32C4-4F25-BE0B-C7EB00DC208C}"
EndProject
Project("{9A19103F-16F7-4668-BE54-9A1E7A4F7556}") = "HomeAccounting.BusinesLogic.Contract", "HomeAccounting.BusinesLogic.Cintract\HomeAccounting.BusinesLogic.Contract.csproj", "{7B3112E8-C506-4034-B222-855ED61D38C2}"
EndProject
Project("{9A19103F-16F7-4668-BE54-9A1E7A4F7556}") = "HomeAccounting.CompositionRoot", "HomeAccounting.CompositionRoot\HomeAccounting.CompositionRoot.csproj", "{8958C104-9536-4394-B3C9-50FC3A7ACD96}"
EndProject
Project("{9A19103F-16F7-4668-BE54-9A1E7A4F7556}") = "HomeAccounting.BusinesLogic.EF", "HomeAccounting.BusinesLogic.EF\HomeAccounting.BusinesLogic.EF.csproj", "{462A3CD8-8524-4571-98A9-67EA2AC833F7}"
EndProject
Project("{9A19103F-16F7-4668-BE54-9A1E7A4F7556}") = "HomeAccounting.Tests", "HomeAccounting.Tests\HomeAccounting.Tests.csproj", "{0EC86E2E-FD48-4983-A334-259775E1B62F}"
EndProject
Project("{9A19103F-16F7-4668-BE54-9A1E7A4F7556}") = "HomeAccounting.Angular.UI", "HomeAccounting.Angular.UI\HomeAccounting.Angular.UI.csproj", "{EDAFD697-78B6-4466-B5E6-8147FD2A7D0A}"
EndProject
Project("{FAE04EC0-301F-11D3-BF4B-00C04F79EFBC}") = "HomeAccounting.Tpl", "HomeAccounting.Tpl\HomeAccounting.Tpl.csproj", "{C061929F-E864-467D-84E1-14F76AB76275}"
EndProject
Global
	GlobalSection(SolutionConfigurationPlatforms) = preSolution
		Debug|Any CPU = Debug|Any CPU
		Release|Any CPU = Release|Any CPU
	EndGlobalSection
	GlobalSection(ProjectConfigurationPlatforms) = postSolution
		{057D63F9-B5F5-4BC7-A392-48CD83F1379D}.Debug|Any CPU.ActiveCfg = Debug|Any CPU
		{057D63F9-B5F5-4BC7-A392-48CD83F1379D}.Debug|Any CPU.Build.0 = Debug|Any CPU
		{057D63F9-B5F5-4BC7-A392-48CD83F1379D}.Release|Any CPU.ActiveCfg = Release|Any CPU
		{057D63F9-B5F5-4BC7-A392-48CD83F1379D}.Release|Any CPU.Build.0 = Release|Any CPU
		{D8CF7262-32C4-4F25-BE0B-C7EB00DC208C}.Debug|Any CPU.ActiveCfg = Debug|Any CPU
		{D8CF7262-32C4-4F25-BE0B-C7EB00DC208C}.Debug|Any CPU.Build.0 = Debug|Any CPU
		{D8CF7262-32C4-4F25-BE0B-C7EB00DC208C}.Release|Any CPU.ActiveCfg = Release|Any CPU
		{D8CF7262-32C4-4F25-BE0B-C7EB00DC208C}.Release|Any CPU.Build.0 = Release|Any CPU
		{7B3112E8-C506-4034-B222-855ED61D38C2}.Debug|Any CPU.ActiveCfg = Debug|Any CPU
		{7B3112E8-C506-4034-B222-855ED61D38C2}.Debug|Any CPU.Build.0 = Debug|Any CPU
		{7B3112E8-C506-4034-B222-855ED61D38C2}.Release|Any CPU.ActiveCfg = Release|Any CPU
		{7B3112E8-C506-4034-B222-855ED61D38C2}.Release|Any CPU.Build.0 = Release|Any CPU
		{8958C104-9536-4394-B3C9-50FC3A7ACD96}.Debug|Any CPU.ActiveCfg = Debug|Any CPU
		{8958C104-9536-4394-B3C9-50FC3A7ACD96}.Debug|Any CPU.Build.0 = Debug|Any CPU
		{8958C104-9536-4394-B3C9-50FC3A7ACD96}.Release|Any CPU.ActiveCfg = Release|Any CPU
		{8958C104-9536-4394-B3C9-50FC3A7ACD96}.Release|Any CPU.Build.0 = Release|Any CPU
		{462A3CD8-8524-4571-98A9-67EA2AC833F7}.Debug|Any CPU.ActiveCfg = Debug|Any CPU
		{462A3CD8-8524-4571-98A9-67EA2AC833F7}.Debug|Any CPU.Build.0 = Debug|Any CPU
		{462A3CD8-8524-4571-98A9-67EA2AC833F7}.Release|Any CPU.ActiveCfg = Release|Any CPU
		{462A3CD8-8524-4571-98A9-67EA2AC833F7}.Release|Any CPU.Build.0 = Release|Any CPU
		{0EC86E2E-FD48-4983-A334-259775E1B62F}.Debug|Any CPU.ActiveCfg = Debug|Any CPU
		{0EC86E2E-FD48-4983-A334-259775E1B62F}.Debug|Any CPU.Build.0 = Debug|Any CPU
		{0EC86E2E-FD48-4983-A334-259775E1B62F}.Release|Any CPU.ActiveCfg = Release|Any CPU
		{0EC86E2E-FD48-4983-A334-259775E1B62F}.Release|Any CPU.Build.0 = Release|Any CPU
		{EDAFD697-78B6-4466-B5E6-8147FD2A7D0A}.Debug|Any CPU.ActiveCfg = Debug|Any CPU
		{EDAFD697-78B6-4466-B5E6-8147FD2A7D0A}.Debug|Any CPU.Build.0 = Debug|Any CPU
		{EDAFD697-78B6-4466-B5E6-8147FD2A7D0A}.Release|Any CPU.ActiveCfg = Release|Any CPU
		{EDAFD697-78B6-4466-B5E6-8147FD2A7D0A}.Release|Any CPU.Build.0 = Release|Any CPU
		{C061929F-E864-467D-84E1-14F76AB76275}.Debug|Any CPU.ActiveCfg = Debug|Any CPU
		{C061929F-E864-467D-84E1-14F76AB76275}.Debug|Any CPU.Build.0 = Debug|Any CPU
		{C061929F-E864-467D-84E1-14F76AB76275}.Release|Any CPU.ActiveCfg = Release|Any CPU
		{C061929F-E864-467D-84E1-14F76AB76275}.Release|Any CPU.Build.0 = Release|Any CPU
	EndGlobalSection
	GlobalSection(SolutionProperties) = preSolution
		HideSolutionNode = FALSE
	EndGlobalSection
	GlobalSection(ExtensibilityGlobals) = postSolution
		SolutionGuid = {80801671-F0DF-4985-B065-75B949F136F7}
	EndGlobalSection
EndGlobal
